// !$*UTF8*$!
{
	archiveVersion = 1;
	classes = {
	};
	objectVersion = 56;
	objects = {

/* Begin PBXBuildFile section */
		E3F58A692A32834B008E2A8B /* TripsView.swift in Sources */ = {isa = PBXBuildFile; fileRef = E3F58A682A32834B008E2A8B /* TripsView.swift */; };
		EB2E17632A2D93BA00BA1E5C /* PTSans-Italic.ttf in Resources */ = {isa = PBXBuildFile; fileRef = EB2E175E2A2D93BA00BA1E5C /* PTSans-Italic.ttf */; };
		EB2E17642A2D93BA00BA1E5C /* PTSans-BoldItalic.ttf in Resources */ = {isa = PBXBuildFile; fileRef = EB2E175F2A2D93BA00BA1E5C /* PTSans-BoldItalic.ttf */; };
		EB2E17652A2D93BA00BA1E5C /* OFL.txt in Resources */ = {isa = PBXBuildFile; fileRef = EB2E17602A2D93BA00BA1E5C /* OFL.txt */; };
		EB2E17662A2D93BA00BA1E5C /* PTSans-Regular.ttf in Resources */ = {isa = PBXBuildFile; fileRef = EB2E17612A2D93BA00BA1E5C /* PTSans-Regular.ttf */; };
		EB2E17672A2D93BA00BA1E5C /* PTSans-Bold.ttf in Resources */ = {isa = PBXBuildFile; fileRef = EB2E17622A2D93BA00BA1E5C /* PTSans-Bold.ttf */; };
		EB2E17692A2D95A400BA1E5C /* SplashScreenView.swift in Sources */ = {isa = PBXBuildFile; fileRef = EB2E17682A2D95A400BA1E5C /* SplashScreenView.swift */; };
		EB2E176C2A2E4EE200BA1E5C /* LoginView.swift in Sources */ = {isa = PBXBuildFile; fileRef = EB2E176B2A2E4EE200BA1E5C /* LoginView.swift */; };
		EB3792B72A2D7F10007F02EF /* TravelleRApp.swift in Sources */ = {isa = PBXBuildFile; fileRef = EB3792B62A2D7F10007F02EF /* TravelleRApp.swift */; };
		EB3792B92A2D7F10007F02EF /* ContentView.swift in Sources */ = {isa = PBXBuildFile; fileRef = EB3792B82A2D7F10007F02EF /* ContentView.swift */; };
		EB3792BB2A2D7F12007F02EF /* Assets.xcassets in Resources */ = {isa = PBXBuildFile; fileRef = EB3792BA2A2D7F12007F02EF /* Assets.xcassets */; };
		EB3792BE2A2D7F12007F02EF /* Preview Assets.xcassets in Resources */ = {isa = PBXBuildFile; fileRef = EB3792BD2A2D7F12007F02EF /* Preview Assets.xcassets */; };
/* End PBXBuildFile section */

/* Begin PBXFileReference section */
		E3F58A682A32834B008E2A8B /* TripsView.swift */ = {isa = PBXFileReference; lastKnownFileType = sourcecode.swift; path = TripsView.swift; sourceTree = "<group>"; };
		EB2E175E2A2D93BA00BA1E5C /* PTSans-Italic.ttf */ = {isa = PBXFileReference; lastKnownFileType = file; path = "PTSans-Italic.ttf"; sourceTree = "<group>"; };
		EB2E175F2A2D93BA00BA1E5C /* PTSans-BoldItalic.ttf */ = {isa = PBXFileReference; lastKnownFileType = file; path = "PTSans-BoldItalic.ttf"; sourceTree = "<group>"; };
		EB2E17602A2D93BA00BA1E5C /* OFL.txt */ = {isa = PBXFileReference; fileEncoding = 4; lastKnownFileType = text; path = OFL.txt; sourceTree = "<group>"; };
		EB2E17612A2D93BA00BA1E5C /* PTSans-Regular.ttf */ = {isa = PBXFileReference; lastKnownFileType = file; path = "PTSans-Regular.ttf"; sourceTree = "<group>"; };
		EB2E17622A2D93BA00BA1E5C /* PTSans-Bold.ttf */ = {isa = PBXFileReference; lastKnownFileType = file; path = "PTSans-Bold.ttf"; sourceTree = "<group>"; };
		EB2E17682A2D95A400BA1E5C /* SplashScreenView.swift */ = {isa = PBXFileReference; lastKnownFileType = sourcecode.swift; path = SplashScreenView.swift; sourceTree = "<group>"; };
		EB2E176A2A2D970300BA1E5C /* Info.plist */ = {isa = PBXFileReference; lastKnownFileType = text.plist.xml; path = Info.plist; sourceTree = "<group>"; };
		EB2E176B2A2E4EE200BA1E5C /* LoginView.swift */ = {isa = PBXFileReference; lastKnownFileType = sourcecode.swift; path = LoginView.swift; sourceTree = "<group>"; };
		EB3792B32A2D7F10007F02EF /* TravelleR.app */ = {isa = PBXFileReference; explicitFileType = wrapper.application; includeInIndex = 0; path = TravelleR.app; sourceTree = BUILT_PRODUCTS_DIR; };
		EB3792B62A2D7F10007F02EF /* TravelleRApp.swift */ = {isa = PBXFileReference; lastKnownFileType = sourcecode.swift; path = TravelleRApp.swift; sourceTree = "<group>"; };
		EB3792B82A2D7F10007F02EF /* ContentView.swift */ = {isa = PBXFileReference; lastKnownFileType = sourcecode.swift; path = ContentView.swift; sourceTree = "<group>"; };
		EB3792BA2A2D7F12007F02EF /* Assets.xcassets */ = {isa = PBXFileReference; lastKnownFileType = folder.assetcatalog; path = Assets.xcassets; sourceTree = "<group>"; };
		EB3792BD2A2D7F12007F02EF /* Preview Assets.xcassets */ = {isa = PBXFileReference; lastKnownFileType = folder.assetcatalog; path = "Preview Assets.xcassets"; sourceTree = "<group>"; };
/* End PBXFileReference section */

/* Begin PBXFrameworksBuildPhase section */
		EB3792B02A2D7F10007F02EF /* Frameworks */ = {
			isa = PBXFrameworksBuildPhase;
			buildActionMask = 2147483647;
			files = (
			);
			runOnlyForDeploymentPostprocessing = 0;
		};
/* End PBXFrameworksBuildPhase section */

/* Begin PBXGroup section */
		EB2E175D2A2D93BA00BA1E5C /* PT_Sans */ = {
			isa = PBXGroup;
			children = (
				EB2E175E2A2D93BA00BA1E5C /* PTSans-Italic.ttf */,
				EB2E175F2A2D93BA00BA1E5C /* PTSans-BoldItalic.ttf */,
				EB2E17602A2D93BA00BA1E5C /* OFL.txt */,
				EB2E17612A2D93BA00BA1E5C /* PTSans-Regular.ttf */,
				EB2E17622A2D93BA00BA1E5C /* PTSans-Bold.ttf */,
			);
			path = PT_Sans;
			sourceTree = "<group>";
		};
		EB3792AA2A2D7F10007F02EF = {
			isa = PBXGroup;
			children = (
				EB3792B52A2D7F10007F02EF /* TravelleR */,
				EB3792B42A2D7F10007F02EF /* Products */,
			);
			sourceTree = "<group>";
		};
		EB3792B42A2D7F10007F02EF /* Products */ = {
			isa = PBXGroup;
			children = (
				EB3792B32A2D7F10007F02EF /* TravelleR.app */,
			);
			name = Products;
			sourceTree = "<group>";
		};
		EB3792B52A2D7F10007F02EF /* TravelleR */ = {
			isa = PBXGroup;
			children = (
				EB2E175D2A2D93BA00BA1E5C /* PT_Sans */,
				EB3792B62A2D7F10007F02EF /* TravelleRApp.swift */,
				EB2E176B2A2E4EE200BA1E5C /* LoginView.swift */,
				EB2E17682A2D95A400BA1E5C /* SplashScreenView.swift */,
				EB3792B82A2D7F10007F02EF /* ContentView.swift */,
				EB2E176A2A2D970300BA1E5C /* Info.plist */,
				EB3792BA2A2D7F12007F02EF /* Assets.xcassets */,
				EB3792BC2A2D7F12007F02EF /* Preview Content */,
				E3F58A682A32834B008E2A8B /* TripsView.swift */,
			);
			path = TravelleR;
			sourceTree = "<group>";
		};
		EB3792BC2A2D7F12007F02EF /* Preview Content */ = {
			isa = PBXGroup;
			children = (
				EB3792BD2A2D7F12007F02EF /* Preview Assets.xcassets */,
			);
			path = "Preview Content";
			sourceTree = "<group>";
		};
/* End PBXGroup section */

/* Begin PBXNativeTarget section */
		EB3792B22A2D7F10007F02EF /* TravelleR */ = {
			isa = PBXNativeTarget;
			buildConfigurationList = EB3792C12A2D7F12007F02EF /* Build configuration list for PBXNativeTarget "TravelleR" */;
			buildPhases = (
				EB3792AF2A2D7F10007F02EF /* Sources */,
				EB3792B02A2D7F10007F02EF /* Frameworks */,
				EB3792B12A2D7F10007F02EF /* Resources */,
			);
			buildRules = (
			);
			dependencies = (
			);
			name = TravelleR;
			productName = TravelleR;
			productReference = EB3792B32A2D7F10007F02EF /* TravelleR.app */;
			productType = "com.apple.product-type.application";
		};
/* End PBXNativeTarget section */

/* Begin PBXProject section */
		EB3792AB2A2D7F10007F02EF /* Project object */ = {
			isa = PBXProject;
			attributes = {
				BuildIndependentTargetsInParallel = 1;
				LastSwiftUpdateCheck = 1430;
				LastUpgradeCheck = 1430;
				TargetAttributes = {
					EB3792B22A2D7F10007F02EF = {
						CreatedOnToolsVersion = 14.3;
					};
				};
			};
			buildConfigurationList = EB3792AE2A2D7F10007F02EF /* Build configuration list for PBXProject "TravelleR" */;
			compatibilityVersion = "Xcode 14.0";
			developmentRegion = en;
			hasScannedForEncodings = 0;
			knownRegions = (
				en,
				Base,
			);
			mainGroup = EB3792AA2A2D7F10007F02EF;
			productRefGroup = EB3792B42A2D7F10007F02EF /* Products */;
			projectDirPath = "";
			projectRoot = "";
			targets = (
				EB3792B22A2D7F10007F02EF /* TravelleR */,
			);
		};
/* End PBXProject section */

/* Begin PBXResourcesBuildPhase section */
		EB3792B12A2D7F10007F02EF /* Resources */ = {
			isa = PBXResourcesBuildPhase;
			buildActionMask = 2147483647;
			files = (
				EB2E17662A2D93BA00BA1E5C /* PTSans-Regular.ttf in Resources */,
				EB2E17652A2D93BA00BA1E5C /* OFL.txt in Resources */,
				EB3792BE2A2D7F12007F02EF /* Preview Assets.xcassets in Resources */,
				EB3792BB2A2D7F12007F02EF /* Assets.xcassets in Resources */,
				EB2E17642A2D93BA00BA1E5C /* PTSans-BoldItalic.ttf in Resources */,
				EB2E17632A2D93BA00BA1E5C /* PTSans-Italic.ttf in Resources */,
				EB2E17672A2D93BA00BA1E5C /* PTSans-Bold.ttf in Resources */,
			);
			runOnlyForDeploymentPostprocessing = 0;
		};
/* End PBXResourcesBuildPhase section */

/* Begin PBXSourcesBuildPhase section */
		EB3792AF2A2D7F10007F02EF /* Sources */ = {
			isa = PBXSourcesBuildPhase;
			buildActionMask = 2147483647;
			files = (
				E3F58A692A32834B008E2A8B /* TripsView.swift in Sources */,
				EB3792B92A2D7F10007F02EF /* ContentView.swift in Sources */,
				EB3792B72A2D7F10007F02EF /* TravelleRApp.swift in Sources */,
				EB2E176C2A2E4EE200BA1E5C /* LoginView.swift in Sources */,
				EB2E17692A2D95A400BA1E5C /* SplashScreenView.swift in Sources */,
			);
			runOnlyForDeploymentPostprocessing = 0;
		};
/* End PBXSourcesBuildPhase section */

/* Begin XCBuildConfiguration section */
		EB3792BF2A2D7F12007F02EF /* Debug */ = {
			isa = XCBuildConfiguration;
			buildSettings = {
				ALWAYS_SEARCH_USER_PATHS = NO;
				CLANG_ANALYZER_NONNULL = YES;
				CLANG_ANALYZER_NUMBER_OBJECT_CONVERSION = YES_AGGRESSIVE;
				CLANG_CXX_LANGUAGE_STANDARD = "gnu++20";
				CLANG_ENABLE_MODULES = YES;
				CLANG_ENABLE_OBJC_ARC = YES;
				CLANG_ENABLE_OBJC_WEAK = YES;
				CLANG_WARN_BLOCK_CAPTURE_AUTORELEASING = YES;
				CLANG_WARN_BOOL_CONVERSION = YES;
				CLANG_WARN_COMMA = YES;
				CLANG_WARN_CONSTANT_CONVERSION = YES;
				CLANG_WARN_DEPRECATED_OBJC_IMPLEMENTATIONS = YES;
				CLANG_WARN_DIRECT_OBJC_ISA_USAGE = YES_ERROR;
				CLANG_WARN_DOCUMENTATION_COMMENTS = YES;
				CLANG_WARN_EMPTY_BODY = YES;
				CLANG_WARN_ENUM_CONVERSION = YES;
				CLANG_WARN_INFINITE_RECURSION = YES;
				CLANG_WARN_INT_CONVERSION = YES;
				CLANG_WARN_NON_LITERAL_NULL_CONVERSION = YES;
				CLANG_WARN_OBJC_IMPLICIT_RETAIN_SELF = YES;
				CLANG_WARN_OBJC_LITERAL_CONVERSION = YES;
				CLANG_WARN_OBJC_ROOT_CLASS = YES_ERROR;
				CLANG_WARN_QUOTED_INCLUDE_IN_FRAMEWORK_HEADER = YES;
				CLANG_WARN_RANGE_LOOP_ANALYSIS = YES;
				CLANG_WARN_STRICT_PROTOTYPES = YES;
				CLANG_WARN_SUSPICIOUS_MOVE = YES;
				CLANG_WARN_UNGUARDED_AVAILABILITY = YES_AGGRESSIVE;
				CLANG_WARN_UNREACHABLE_CODE = YES;
				CLANG_WARN__DUPLICATE_METHOD_MATCH = YES;
				COPY_PHASE_STRIP = NO;
				DEBUG_INFORMATION_FORMAT = dwarf;
				ENABLE_STRICT_OBJC_MSGSEND = YES;
				ENABLE_TESTABILITY = YES;
				GCC_C_LANGUAGE_STANDARD = gnu11;
				GCC_DYNAMIC_NO_PIC = NO;
				GCC_NO_COMMON_BLOCKS = YES;
				GCC_OPTIMIZATION_LEVEL = 0;
				GCC_PREPROCESSOR_DEFINITIONS = (
					"DEBUG=1",
					"$(inherited)",
				);
				GCC_WARN_64_TO_32_BIT_CONVERSION = YES;
				GCC_WARN_ABOUT_RETURN_TYPE = YES_ERROR;
				GCC_WARN_UNDECLARED_SELECTOR = YES;
				GCC_WARN_UNINITIALIZED_AUTOS = YES_AGGRESSIVE;
				GCC_WARN_UNUSED_FUNCTION = YES;
				GCC_WARN_UNUSED_VARIABLE = YES;
				IPHONEOS_DEPLOYMENT_TARGET = 16.4;
				MTL_ENABLE_DEBUG_INFO = INCLUDE_SOURCE;
				MTL_FAST_MATH = YES;
				ONLY_ACTIVE_ARCH = YES;
				SDKROOT = iphoneos;
				SWIFT_ACTIVE_COMPILATION_CONDITIONS = DEBUG;
				SWIFT_OPTIMIZATION_LEVEL = "-Onone";
			};
			name = Debug;
		};
		EB3792C02A2D7F12007F02EF /* Release */ = {
			isa = XCBuildConfiguration;
			buildSettings = {
				ALWAYS_SEARCH_USER_PATHS = NO;
				CLANG_ANALYZER_NONNULL = YES;
				CLANG_ANALYZER_NUMBER_OBJECT_CONVERSION = YES_AGGRESSIVE;
				CLANG_CXX_LANGUAGE_STANDARD = "gnu++20";
				CLANG_ENABLE_MODULES = YES;
				CLANG_ENABLE_OBJC_ARC = YES;
				CLANG_ENABLE_OBJC_WEAK = YES;
				CLANG_WARN_BLOCK_CAPTURE_AUTORELEASING = YES;
				CLANG_WARN_BOOL_CONVERSION = YES;
				CLANG_WARN_COMMA = YES;
				CLANG_WARN_CONSTANT_CONVERSION = YES;
				CLANG_WARN_DEPRECATED_OBJC_IMPLEMENTATIONS = YES;
				CLANG_WARN_DIRECT_OBJC_ISA_USAGE = YES_ERROR;
				CLANG_WARN_DOCUMENTATION_COMMENTS = YES;
				CLANG_WARN_EMPTY_BODY = YES;
				CLANG_WARN_ENUM_CONVERSION = YES;
				CLANG_WARN_INFINITE_RECURSION = YES;
				CLANG_WARN_INT_CONVERSION = YES;
				CLANG_WARN_NON_LITERAL_NULL_CONVERSION = YES;
				CLANG_WARN_OBJC_IMPLICIT_RETAIN_SELF = YES;
				CLANG_WARN_OBJC_LITERAL_CONVERSION = YES;
				CLANG_WARN_OBJC_ROOT_CLASS = YES_ERROR;
				CLANG_WARN_QUOTED_INCLUDE_IN_FRAMEWORK_HEADER = YES;
				CLANG_WARN_RANGE_LOOP_ANALYSIS = YES;
				CLANG_WARN_STRICT_PROTOTYPES = YES;
				CLANG_WARN_SUSPICIOUS_MOVE = YES;
				CLANG_WARN_UNGUARDED_AVAILABILITY = YES_AGGRESSIVE;
				CLANG_WARN_UNREACHABLE_CODE = YES;
				CLANG_WARN__DUPLICATE_METHOD_MATCH = YES;
				COPY_PHASE_STRIP = NO;
				DEBUG_INFORMATION_FORMAT = "dwarf-with-dsym";
				ENABLE_NS_ASSERTIONS = NO;
				ENABLE_STRICT_OBJC_MSGSEND = YES;
				GCC_C_LANGUAGE_STANDARD = gnu11;
				GCC_NO_COMMON_BLOCKS = YES;
				GCC_WARN_64_TO_32_BIT_CONVERSION = YES;
				GCC_WARN_ABOUT_RETURN_TYPE = YES_ERROR;
				GCC_WARN_UNDECLARED_SELECTOR = YES;
				GCC_WARN_UNINITIALIZED_AUTOS = YES_AGGRESSIVE;
				GCC_WARN_UNUSED_FUNCTION = YES;
				GCC_WARN_UNUSED_VARIABLE = YES;
				IPHONEOS_DEPLOYMENT_TARGET = 16.4;
				MTL_ENABLE_DEBUG_INFO = NO;
				MTL_FAST_MATH = YES;
				SDKROOT = iphoneos;
				SWIFT_COMPILATION_MODE = wholemodule;
				SWIFT_OPTIMIZATION_LEVEL = "-O";
				VALIDATE_PRODUCT = YES;
			};
			name = Release;
		};
		EB3792C22A2D7F12007F02EF /* Debug */ = {
			isa = XCBuildConfiguration;
			buildSettings = {
				ASSETCATALOG_COMPILER_APPICON_NAME = AppIcon;
				ASSETCATALOG_COMPILER_GLOBAL_ACCENT_COLOR_NAME = AccentColor;
				CODE_SIGN_STYLE = Automatic;
				CURRENT_PROJECT_VERSION = 1;
				DEVELOPMENT_ASSET_PATHS = "\"TravelleR/Preview Content\"";
				ENABLE_PREVIEWS = YES;
				GENERATE_INFOPLIST_FILE = YES;
				INFOPLIST_FILE = TravelleR/Info.plist;
				INFOPLIST_KEY_LSApplicationCategoryType = "";
				INFOPLIST_KEY_UIApplicationSceneManifest_Generation = YES;
				INFOPLIST_KEY_UIApplicationSupportsIndirectInputEvents = YES;
				INFOPLIST_KEY_UILaunchScreen_Generation = YES;
				INFOPLIST_KEY_UISupportedInterfaceOrientations_iPad = "UIInterfaceOrientationPortrait UIInterfaceOrientationPortraitUpsideDown UIInterfaceOrientationLandscapeLeft UIInterfaceOrientationLandscapeRight";
				INFOPLIST_KEY_UISupportedInterfaceOrientations_iPhone = "UIInterfaceOrientationPortrait UIInterfaceOrientationLandscapeLeft UIInterfaceOrientationLandscapeRight";
				LD_RUNPATH_SEARCH_PATHS = (
					"$(inherited)",
					"@executable_path/Frameworks",
				);
				MARKETING_VERSION = 1.0;
				PRODUCT_BUNDLE_IDENTIFIER = com.CuriousR.TravelleR;
				PRODUCT_NAME = "$(TARGET_NAME)";
				SWIFT_EMIT_LOC_STRINGS = YES;
				SWIFT_VERSION = 5.0;
				TARGETED_DEVICE_FAMILY = "1,2";
			};
			name = Debug;
		};
		EB3792C32A2D7F12007F02EF /* Release */ = {
			isa = XCBuildConfiguration;
			buildSettings = {
				ASSETCATALOG_COMPILER_APPICON_NAME = AppIcon;
				ASSETCATALOG_COMPILER_GLOBAL_ACCENT_COLOR_NAME = AccentColor;
				CODE_SIGN_STYLE = Automatic;
				CURRENT_PROJECT_VERSION = 1;
				DEVELOPMENT_ASSET_PATHS = "\"TravelleR/Preview Content\"";
				ENABLE_PREVIEWS = YES;
				GENERATE_INFOPLIST_FILE = YES;
				INFOPLIST_FILE = TravelleR/Info.plist;
				INFOPLIST_KEY_LSApplicationCategoryType = "";
				INFOPLIST_KEY_UIApplicationSceneManifest_Generation = YES;
				INFOPLIST_KEY_UIApplicationSupportsIndirectInputEvents = YES;
				INFOPLIST_KEY_UILaunchScreen_Generation = YES;
				INFOPLIST_KEY_UISupportedInterfaceOrientations_iPad = "UIInterfaceOrientationPortrait UIInterfaceOrientationPortraitUpsideDown UIInterfaceOrientationLandscapeLeft UIInterfaceOrientationLandscapeRight";
				INFOPLIST_KEY_UISupportedInterfaceOrientations_iPhone = "UIInterfaceOrientationPortrait UIInterfaceOrientationLandscapeLeft UIInterfaceOrientationLandscapeRight";
				LD_RUNPATH_SEARCH_PATHS = (
					"$(inherited)",
					"@executable_path/Frameworks",
				);
				MARKETING_VERSION = 1.0;
				PRODUCT_BUNDLE_IDENTIFIER = com.CuriousR.TravelleR;
				PRODUCT_NAME = "$(TARGET_NAME)";
				SWIFT_EMIT_LOC_STRINGS = YES;
				SWIFT_VERSION = 5.0;
				TARGETED_DEVICE_FAMILY = "1,2";
			};
			name = Release;
		};
/* End XCBuildConfiguration section */

/* Begin XCConfigurationList section */
		EB3792AE2A2D7F10007F02EF /* Build configuration list for PBXProject "TravelleR" */ = {
			isa = XCConfigurationList;
			buildConfigurations = (
				EB3792BF2A2D7F12007F02EF /* Debug */,
				EB3792C02A2D7F12007F02EF /* Release */,
			);
			defaultConfigurationIsVisible = 0;
			defaultConfigurationName = Release;
		};
		EB3792C12A2D7F12007F02EF /* Build configuration list for PBXNativeTarget "TravelleR" */ = {
			isa = XCConfigurationList;
			buildConfigurations = (
				EB3792C22A2D7F12007F02EF /* Debug */,
				EB3792C32A2D7F12007F02EF /* Release */,
			);
			defaultConfigurationIsVisible = 0;
			defaultConfigurationName = Release;
		};
/* End XCConfigurationList section */
	};
	rootObject = EB3792AB2A2D7F10007F02EF /* Project object */;
}
